# THIS IS AN AUTOGENERATED FILE. DO NOT EDIT THIS FILE DIRECTLY.
# yarn lockfile v1


"@types/prop-types@*":
  version "15.7.5"
  resolved "https://registry.yarnpkg.com/@types/prop-types/-/prop-types-15.7.5.tgz#5f19d2b85a98e9558036f6a3cacc8819420f05cf"
  integrity sha512-JCB8C6SnDoQf0cNycqd/35A7MjcnK+ZTqE7judS6o7utxUCg6imJg3QK2qzHKszlTjcj2cn+NwMB2i96ubpj7w==

"@types/react@^18.2.20":
  version "18.2.20"
  resolved "https://registry.yarnpkg.com/@types/react/-/react-18.2.20.tgz#1605557a83df5c8a2cc4eeb743b3dfc0eb6aaeb2"
  integrity sha512-WKNtmsLWJM/3D5mG4U84cysVY31ivmyw85dE84fOCk5Hx78wezB/XEjVPWl2JTZ5FkEeaTJf+VgUAUn3PE7Isw==
  dependencies:
    "@types/prop-types" "*"
    "@types/scheduler" "*"
    csstype "^3.0.2"

"@types/scheduler@*":
  version "0.16.3"
  resolved "https://registry.yarnpkg.com/@types/scheduler/-/scheduler-0.16.3.tgz#cef09e3ec9af1d63d2a6cc5b383a737e24e6dcf5"
  integrity sha512-5cJ8CB4yAx7BH1oMvdU0Jh9lrEXyPkar6F9G/ERswkCuvP4KQZfZkSjcMbAICCpQTN4OuZn8tz0HiKv9TGZgrQ==

ace-code@^1.23.4:
  version "1.24.0"
  resolved "https://registry.yarnpkg.com/ace-code/-/ace-code-1.24.0.tgz#bc7cf93d80ec43fbffb473b76e865bf7749dadbb"
  integrity sha512-p9P7UE5g/dfe3jq5atToJ8hUvuxGkTr90jM75bGM733Vn1u56m5pmiNHiD6tAtpS7vYQED/t8HeTG9k5khFrOA==

csstype@^3.0.2:
  version "3.1.2"
  resolved "https://registry.yarnpkg.com/csstype/-/csstype-3.1.2.tgz#1d4bf9d572f11c14031f0436e1c10bc1f571f50b"
  integrity sha512-I7K1Uu0MBPzaFKg4nI5Q7Vs2t+3gWWW648spaF+Rg7pI9ds18Ugn+lvg4SHczUdKlHI5LWBXyqfS8+DufyBsgQ==

docslab@^0.2.0:
  version "0.2.0"
  resolved "https://registry.yarnpkg.com/docslab/-/docslab-0.2.0.tgz#67c0a58cd937367f0e6ba52615bacdb9f5d1689b"
  integrity sha512-2Ju+a1VuLd2Fn0rUgzpRW/Pg09BsS2EUEJKGMGdqCTC68GOdpGBxFiZ3gvD4/lD4caKhCQThueyc9N3bBHUrUg==
  dependencies:
    ace-code "^1.23.4"
    xterm "^5.2.1"
    xterm-addon-attach "^0.8.0"
    xterm-addon-fit "^0.7.0"

typescript@^5.1.6:
  version "5.1.6"
  resolved "https://registry.yarnpkg.com/typescript/-/typescript-5.1.6.tgz#02f8ac202b6dad2c0dd5e0913745b47a37998274"
  integrity sha512-zaWCozRZ6DLEWAWFrVDz1H6FVXzUSfTy5FUMWsQlU8Ym5JP9eO4xkTIROFCQvhQf61z6O/G6ugw3SgAnvvm+HA==

xterm-addon-attach@^0.8.0:
  version "0.8.0"
  resolved "https://registry.yarnpkg.com/xterm-addon-attach/-/xterm-addon-attach-0.8.0.tgz#86e0ed08460efffb7d4bad74a57b600226594def"
  integrity sha512-k8N5boSYn6rMJTTNCgFpiSTZ26qnYJf3v/nJJYexNO2sdAHDN3m1ivVQWVZ8CHJKKnZQw1rc44YP2NtgalWHfQ==

xterm-addon-fit@^0.7.0:
  version "0.7.0"
  resolved "https://registry.yarnpkg.com/xterm-addon-fit/-/xterm-addon-fit-0.7.0.tgz#b8ade6d96e63b47443862088f6670b49fb752c6a"
  integrity sha512-tQgHGoHqRTgeROPnvmtEJywLKoC/V9eNs4bLLz7iyJr1aW/QFzRwfd3MGiJ6odJd9xEfxcW36/xRU47JkD5NKQ==

xterm@^5.2.1:
  version "5.2.1"
  resolved "https://registry.yarnpkg.com/xterm/-/xterm-5.2.1.tgz#b3fea7bdb55b9be1d4b31f4cd1091f26ac42afb8"
  integrity sha512-cs5Y1fFevgcdoh2hJROMVIWwoBHD80P1fIP79gopLHJIE4kTzzblanoivxTiQ4+92YM9IxS36H1q0MxIJXQBcA==
